Microsoft Visual Studio Solution File, Format Version 12.00
# Visual Studio Version 17
VisualStudioVersion = 17.0.31903.59
MinimumVisualStudioVersion = 10.0.40219.1
Project("{FAE04EC0-301F-11D3-BF4B-00C04F79EFBC}") = "CryptoArbitrage.Domain", "src\CryptoArbitrage.Domain\CryptoArbitrage.Domain.csproj", "{EE368BFE-4A1C-44D4-B669-30CF77136D4F}"
EndProject
Project("{FAE04EC0-301F-11D3-BF4B-00C04F79EFBC}") = "CryptoArbitrage.Application", "src\CryptoArbitrage.Application\CryptoArbitrage.Application.csproj", "{E6BCA42C-E029-4048-9CEE-73F13E4297C7}"
EndProject
Project("{FAE04EC0-301F-11D3-BF4B-00C04F79EFBC}") = "CryptoArbitrage.Infrastructure", "src\CryptoArbitrage.Infrastructure\CryptoArbitrage.Infrastructure.csproj", "{C39E3127-E5B7-4EEB-8756-7A5A63AE5F9C}"
EndProject
Project("{FAE04EC0-301F-11D3-BF4B-00C04F79EFBC}") = "CryptoArbitrage.Worker", "src\CryptoArbitrage.Worker\CryptoArbitrage.Worker.csproj", "{5263670A-EFC8-4F51-B1F9-2492DC56C673}"
EndProject
Project("{FAE04EC0-301F-11D3-BF4B-00C04F79EFBC}") = "CryptoArbitrage.Tests", "tests\CryptoArbitrage.Tests\CryptoArbitrage.Tests.csproj", "{58FE0A85-3E0D-49E0-BC49-96E59D6C076D}"
EndProject
Project("{FAE04EC0-301F-11D3-BF4B-00C04F79EFBC}") = "CryptoArbitrage.IntegrationTests", "tests\CryptoArbitrage.IntegrationTests\CryptoArbitrage.IntegrationTests.csproj", "{F9F9F9F9-F9F9-F9F9-F9F9-F9F9F9F9F9F9}"
EndProject
Project("{FAE04EC0-301F-11D3-BF4B-00C04F79EFBC}") = "CryptoArbitrage.Api", "src\CryptoArbitrage.Api\CryptoArbitrage.Api.csproj", "{763B74E5-3B76-42EF-BB85-FEE4CE197D72}"
EndProject
Project("{FAE04EC0-301F-11D3-BF4B-00C04F79EFBC}") = "CryptoArbitrage.Blazor", "src\CryptoArbitrage.Blazor\CryptoArbitrage.Blazor.csproj", "{A8F7E2C1-9D3B-4E5F-8A7C-1B2E3F4A5D6E}"
EndProject
Project("{2150E333-8FDC-42A3-9474-1A3956D46DE8}") = "tests", "tests", "{287F2DE9-7F55-4DA2-B326-D651E01A957F}"
EndProject
Project("{2150E333-8FDC-42A3-9474-1A3956D46DE8}") = "src", "src", "{ED8E20A7-0782-456A-B730-DA00D5320603}"
EndProject
Global
	GlobalSection(SolutionConfigurationPlatforms) = preSolution
		Debug|Any CPU = Debug|Any CPU
		Release|Any CPU = Release|Any CPU
	EndGlobalSection
	GlobalSection(SolutionProperties) = preSolution
		HideSolutionNode = FALSE
	EndGlobalSection
	GlobalSection(ProjectConfigurationPlatforms) = postSolution
		{EE368BFE-4A1C-44D4-B669-30CF77136D4F}.Debug|Any CPU.ActiveCfg = Debug|Any CPU
		{EE368BFE-4A1C-44D4-B669-30CF77136D4F}.Debug|Any CPU.Build.0 = Debug|Any CPU
		{EE368BFE-4A1C-44D4-B669-30CF77136D4F}.Release|Any CPU.ActiveCfg = Release|Any CPU
		{EE368BFE-4A1C-44D4-B669-30CF77136D4F}.Release|Any CPU.Build.0 = Release|Any CPU
		{E6BCA42C-E029-4048-9CEE-73F13E4297C7}.Debug|Any CPU.ActiveCfg = Debug|Any CPU
		{E6BCA42C-E029-4048-9CEE-73F13E4297C7}.Debug|Any CPU.Build.0 = Debug|Any CPU
		{E6BCA42C-E029-4048-9CEE-73F13E4297C7}.Release|Any CPU.ActiveCfg = Release|Any CPU
		{E6BCA42C-E029-4048-9CEE-73F13E4297C7}.Release|Any CPU.Build.0 = Release|Any CPU
		{C39E3127-E5B7-4EEB-8756-7A5A63AE5F9C}.Debug|Any CPU.ActiveCfg = Debug|Any CPU
		{C39E3127-E5B7-4EEB-8756-7A5A63AE5F9C}.Debug|Any CPU.Build.0 = Debug|Any CPU
		{C39E3127-E5B7-4EEB-8756-7A5A63AE5F9C}.Release|Any CPU.ActiveCfg = Release|Any CPU
		{C39E3127-E5B7-4EEB-8756-7A5A63AE5F9C}.Release|Any CPU.Build.0 = Release|Any CPU
		{5263670A-EFC8-4F51-B1F9-2492DC56C673}.Debug|Any CPU.ActiveCfg = Debug|Any CPU
		{5263670A-EFC8-4F51-B1F9-2492DC56C673}.Debug|Any CPU.Build.0 = Debug|Any CPU
		{5263670A-EFC8-4F51-B1F9-2492DC56C673}.Release|Any CPU.ActiveCfg = Release|Any CPU
		{5263670A-EFC8-4F51-B1F9-2492DC56C673}.Release|Any CPU.Build.0 = Release|Any CPU
		{58FE0A85-3E0D-49E0-BC49-96E59D6C076D}.Debug|Any CPU.ActiveCfg = Debug|Any CPU
		{58FE0A85-3E0D-49E0-BC49-96E59D6C076D}.Debug|Any CPU.Build.0 = Debug|Any CPU
		{58FE0A85-3E0D-49E0-BC49-96E59D6C076D}.Release|Any CPU.ActiveCfg = Release|Any CPU
		{58FE0A85-3E0D-49E0-BC49-96E59D6C076D}.Release|Any CPU.Build.0 = Release|Any CPU
		{F9F9F9F9-F9F9-F9F9-F9F9-F9F9F9F9F9F9}.Debug|Any CPU.ActiveCfg = Debug|Any CPU
		{F9F9F9F9-F9F9-F9F9-F9F9-F9F9F9F9F9F9}.Debug|Any CPU.Build.0 = Debug|Any CPU
		{F9F9F9F9-F9F9-F9F9-F9F9-F9F9F9F9F9F9}.Release|Any CPU.ActiveCfg = Release|Any CPU
		{F9F9F9F9-F9F9-F9F9-F9F9-F9F9F9F9F9F9}.Release|Any CPU.Build.0 = Release|Any CPU
		{763B74E5-3B76-42EF-BB85-FEE4CE197D72}.Debug|Any CPU.ActiveCfg = Debug|Any CPU
		{763B74E5-3B76-42EF-BB85-FEE4CE197D72}.Debug|Any CPU.Build.0 = Debug|Any CPU
		{763B74E5-3B76-42EF-BB85-FEE4CE197D72}.Release|Any CPU.ActiveCfg = Release|Any CPU
		{763B74E5-3B76-42EF-BB85-FEE4CE197D72}.Release|Any CPU.Build.0 = Release|Any CPU
		{A8F7E2C1-9D3B-4E5F-8A7C-1B2E3F4A5D6E}.Debug|Any CPU.ActiveCfg = Debug|Any CPU
		{A8F7E2C1-9D3B-4E5F-8A7C-1B2E3F4A5D6E}.Debug|Any CPU.Build.0 = Debug|Any CPU
		{A8F7E2C1-9D3B-4E5F-8A7C-1B2E3F4A5D6E}.Release|Any CPU.ActiveCfg = Release|Any CPU
		{A8F7E2C1-9D3B-4E5F-8A7C-1B2E3F4A5D6E}.Release|Any CPU.Build.0 = Release|Any CPU
	EndGlobalSection
	GlobalSection(NestedProjects) = preSolution
		{EE368BFE-4A1C-44D4-B669-30CF77136D4F} = {ED8E20A7-0782-456A-B730-DA00D5320603}
		{E6BCA42C-E029-4048-9CEE-73F13E4297C7} = {ED8E20A7-0782-456A-B730-DA00D5320603}
		{C39E3127-E5B7-4EEB-8756-7A5A63AE5F9C} = {ED8E20A7-0782-456A-B730-DA00D5320603}
		{5263670A-EFC8-4F51-B1F9-2492DC56C673} = {ED8E20A7-0782-456A-B730-DA00D5320603}
		{763B74E5-3B76-42EF-BB85-FEE4CE197D72} = {ED8E20A7-0782-456A-B730-DA00D5320603}
		{A8F7E2C1-9D3B-4E5F-8A7C-1B2E3F4A5D6E} = {ED8E20A7-0782-456A-B730-DA00D5320603}
		{58FE0A85-3E0D-49E0-BC49-96E59D6C076D} = {287F2DE9-7F55-4DA2-B326-D651E01A957F}
		{F9F9F9F9-F9F9-F9F9-F9F9-F9F9F9F9F9F9} = {287F2DE9-7F55-4DA2-B326-D651E01A957F}
	EndGlobalSection
EndGlobal
